// !$*UTF8*$!
{
	archiveVersion = 1;
	classes = {
	};
	objectVersion = 55;
	objects = {

/* Begin PBXBuildFile section */
		9A1FC8F1BDBBD107E2C39DB1 /* Pods_intercorpApp.framework in Frameworks */ = {isa = PBXBuildFile; fileRef = 47CA80144BDC51988C66ACD3 /* Pods_intercorpApp.framework */; };
		A30363D3271A21D00000A5A4 /* AuthenticationInteractor.swift in Sources */ = {isa = PBXBuildFile; fileRef = A30363D2271A21D00000A5A4 /* AuthenticationInteractor.swift */; };
		A30363D5271A21F70000A5A4 /* AuthenticationPresenter.swift in Sources */ = {isa = PBXBuildFile; fileRef = A30363D4271A21F70000A5A4 /* AuthenticationPresenter.swift */; };
		A30363D7271A22060000A5A4 /* AuthenticationRouter.swift in Sources */ = {isa = PBXBuildFile; fileRef = A30363D6271A22060000A5A4 /* AuthenticationRouter.swift */; };
		A30363D9271A223D0000A5A4 /* AuthenticationProtocols.swift in Sources */ = {isa = PBXBuildFile; fileRef = A30363D8271A223D0000A5A4 /* AuthenticationProtocols.swift */; };
		A3BAEDBD271A3B7F00444839 /* GoogleService-Info.plist in Resources */ = {isa = PBXBuildFile; fileRef = A3BAEDBC271A3B7F00444839 /* GoogleService-Info.plist */; };
		A3BDF134271A9BB2001150D7 /* IntercorpAppExtensions.swift in Sources */ = {isa = PBXBuildFile; fileRef = A3BDF133271A9BB2001150D7 /* IntercorpAppExtensions.swift */; };
		A3CC8493271A75380080FBAC /* AuthenticationConstants.swift in Sources */ = {isa = PBXBuildFile; fileRef = A3CC8492271A75380080FBAC /* AuthenticationConstants.swift */; };
		A3D2083A271A1D47000D3296 /* AppDelegate.swift in Sources */ = {isa = PBXBuildFile; fileRef = A3D20839271A1D47000D3296 /* AppDelegate.swift */; };
		A3D2083C271A1D47000D3296 /* SceneDelegate.swift in Sources */ = {isa = PBXBuildFile; fileRef = A3D2083B271A1D47000D3296 /* SceneDelegate.swift */; };
		A3D2083E271A1D47000D3296 /* AuthenticationView.swift in Sources */ = {isa = PBXBuildFile; fileRef = A3D2083D271A1D47000D3296 /* AuthenticationView.swift */; };
		A3D20841271A1D47000D3296 /* AuthenticationView.storyboard in Resources */ = {isa = PBXBuildFile; fileRef = A3D2083F271A1D47000D3296 /* AuthenticationView.storyboard */; };
		A3D20843271A1D4A000D3296 /* Assets.xcassets in Resources */ = {isa = PBXBuildFile; fileRef = A3D20842271A1D4A000D3296 /* Assets.xcassets */; };
		A3D20846271A1D4A000D3296 /* LaunchScreen.storyboard in Resources */ = {isa = PBXBuildFile; fileRef = A3D20844271A1D4A000D3296 /* LaunchScreen.storyboard */; };
/* End PBXBuildFile section */

/* Begin PBXFileReference section */
		1EF56F0CDCF75D8BD59CA884 /* Pods-intercorpApp.debug.xcconfig */ = {isa = PBXFileReference; includeInIndex = 1; lastKnownFileType = text.xcconfig; name = "Pods-intercorpApp.debug.xcconfig"; path = "Target Support Files/Pods-intercorpApp/Pods-intercorpApp.debug.xcconfig"; sourceTree = "<group>"; };
		3046C8B90BE924EDD0ADC615 /* Pods-intercorpApp.release.xcconfig */ = {isa = PBXFileReference; includeInIndex = 1; lastKnownFileType = text.xcconfig; name = "Pods-intercorpApp.release.xcconfig"; path = "Target Support Files/Pods-intercorpApp/Pods-intercorpApp.release.xcconfig"; sourceTree = "<group>"; };
		47CA80144BDC51988C66ACD3 /* Pods_intercorpApp.framework */ = {isa = PBXFileReference; explicitFileType = wrapper.framework; includeInIndex = 0; path = Pods_intercorpApp.framework; sourceTree = BUILT_PRODUCTS_DIR; };
		A30363D2271A21D00000A5A4 /* AuthenticationInteractor.swift */ = {isa = PBXFileReference; lastKnownFileType = sourcecode.swift; path = AuthenticationInteractor.swift; sourceTree = "<group>"; };
		A30363D4271A21F70000A5A4 /* AuthenticationPresenter.swift */ = {isa = PBXFileReference; lastKnownFileType = sourcecode.swift; path = AuthenticationPresenter.swift; sourceTree = "<group>"; };
		A30363D6271A22060000A5A4 /* AuthenticationRouter.swift */ = {isa = PBXFileReference; lastKnownFileType = sourcecode.swift; path = AuthenticationRouter.swift; sourceTree = "<group>"; };
		A30363D8271A223D0000A5A4 /* AuthenticationProtocols.swift */ = {isa = PBXFileReference; lastKnownFileType = sourcecode.swift; path = AuthenticationProtocols.swift; sourceTree = "<group>"; };
		A3BAEDBC271A3B7F00444839 /* GoogleService-Info.plist */ = {isa = PBXFileReference; fileEncoding = 4; lastKnownFileType = text.plist.xml; path = "GoogleService-Info.plist"; sourceTree = "<group>"; };
		A3BDF133271A9BB2001150D7 /* IntercorpAppExtensions.swift */ = {isa = PBXFileReference; lastKnownFileType = sourcecode.swift; path = IntercorpAppExtensions.swift; sourceTree = "<group>"; };
		A3CC8492271A75380080FBAC /* AuthenticationConstants.swift */ = {isa = PBXFileReference; lastKnownFileType = sourcecode.swift; path = AuthenticationConstants.swift; sourceTree = "<group>"; };
		A3D20836271A1D47000D3296 /* intercorpApp.app */ = {isa = PBXFileReference; explicitFileType = wrapper.application; includeInIndex = 0; path = intercorpApp.app; sourceTree = BUILT_PRODUCTS_DIR; };
		A3D20839271A1D47000D3296 /* AppDelegate.swift */ = {isa = PBXFileReference; lastKnownFileType = sourcecode.swift; path = AppDelegate.swift; sourceTree = "<group>"; };
		A3D2083B271A1D47000D3296 /* SceneDelegate.swift */ = {isa = PBXFileReference; lastKnownFileType = sourcecode.swift; path = SceneDelegate.swift; sourceTree = "<group>"; };
		A3D2083D271A1D47000D3296 /* AuthenticationView.swift */ = {isa = PBXFileReference; lastKnownFileType = sourcecode.swift; path = AuthenticationView.swift; sourceTree = "<group>"; };
		A3D20840271A1D47000D3296 /* Base */ = {isa = PBXFileReference; lastKnownFileType = file.storyboard; name = Base; path = Base.lproj/AuthenticationView.storyboard; sourceTree = "<group>"; };
		A3D20842271A1D4A000D3296 /* Assets.xcassets */ = {isa = PBXFileReference; lastKnownFileType = folder.assetcatalog; path = Assets.xcassets; sourceTree = "<group>"; };
		A3D20845271A1D4A000D3296 /* Base */ = {isa = PBXFileReference; lastKnownFileType = file.storyboard; name = Base; path = Base.lproj/LaunchScreen.storyboard; sourceTree = "<group>"; };
		A3D20847271A1D4A000D3296 /* Info.plist */ = {isa = PBXFileReference; lastKnownFileType = text.plist.xml; path = Info.plist; sourceTree = "<group>"; };
/* End PBXFileReference section */

/* Begin PBXFrameworksBuildPhase section */
		A3D20833271A1D47000D3296 /* Frameworks */ = {
			isa = PBXFrameworksBuildPhase;
			buildActionMask = 2147483647;
			files = (
				9A1FC8F1BDBBD107E2C39DB1 /* Pods_intercorpApp.framework in Frameworks */,
			);
			runOnlyForDeploymentPostprocessing = 0;
		};
/* End PBXFrameworksBuildPhase section */

/* Begin PBXGroup section */
		A3BDF132271A9B9B001150D7 /* Extensions */ = {
			isa = PBXGroup;
			children = (
				A3BDF133271A9BB2001150D7 /* IntercorpAppExtensions.swift */,
			);
			path = Extensions;
			sourceTree = "<group>";
		};
		A3BDF135271AAE56001150D7 /* AuthenticationModule */ = {
			isa = PBXGroup;
			children = (
				A3D20852271A1D78000D3296 /* Protocols */,
				A3D20851271A1D73000D3296 /* Router */,
				A3D2084F271A1D65000D3296 /* Presenter */,
				A3D2084E271A1D5E000D3296 /* Interactor */,
				A3D2084D271A1D57000D3296 /* View */,
				A3CC8491271A75200080FBAC /* Constants */,
			);
			path = AuthenticationModule;
			sourceTree = "<group>";
		};
		A3CC8491271A75200080FBAC /* Constants */ = {
			isa = PBXGroup;
			children = (
				A3CC8492271A75380080FBAC /* AuthenticationConstants.swift */,
			);
			path = Constants;
			sourceTree = "<group>";
		};
		A3D2082D271A1D47000D3296 = {
			isa = PBXGroup;
			children = (
				A3D20838271A1D47000D3296 /* intercorpApp */,
				A3D20837271A1D47000D3296 /* Products */,
				BAA6DC0304895A7AA632FCCD /* Pods */,
				CE860F15706A45B8B4FEECC4 /* Frameworks */,
			);
			sourceTree = "<group>";
		};
		A3D20837271A1D47000D3296 /* Products */ = {
			isa = PBXGroup;
			children = (
				A3D20836271A1D47000D3296 /* intercorpApp.app */,
			);
			name = Products;
			sourceTree = "<group>";
		};
		A3D20838271A1D47000D3296 /* intercorpApp */ = {
			isa = PBXGroup;
			children = (
				A3BDF135271AAE56001150D7 /* AuthenticationModule */,
				A3BDF132271A9B9B001150D7 /* Extensions */,
				A3D20842271A1D4A000D3296 /* Assets.xcassets */,
				A3D20854271A1DB3000D3296 /* LaunchScreen */,
				A3D20853271A1D81000D3296 /* Common */,
			);
			path = intercorpApp;
			sourceTree = "<group>";
		};
		A3D2084D271A1D57000D3296 /* View */ = {
			isa = PBXGroup;
			children = (
				A3D2083D271A1D47000D3296 /* AuthenticationView.swift */,
				A3D2083F271A1D47000D3296 /* AuthenticationView.storyboard */,
			);
			path = View;
			sourceTree = "<group>";
		};
		A3D2084E271A1D5E000D3296 /* Interactor */ = {
			isa = PBXGroup;
			children = (
				A30363D2271A21D00000A5A4 /* AuthenticationInteractor.swift */,
			);
			path = Interactor;
			sourceTree = "<group>";
		};
		A3D2084F271A1D65000D3296 /* Presenter */ = {
			isa = PBXGroup;
			children = (
				A30363D4271A21F70000A5A4 /* AuthenticationPresenter.swift */,
			);
			path = Presenter;
			sourceTree = "<group>";
		};
		A3D20851271A1D73000D3296 /* Router */ = {
			isa = PBXGroup;
			children = (
				A30363D6271A22060000A5A4 /* AuthenticationRouter.swift */,
			);
			path = Router;
			sourceTree = "<group>";
		};
		A3D20852271A1D78000D3296 /* Protocols */ = {
			isa = PBXGroup;
			children = (
				A30363D8271A223D0000A5A4 /* AuthenticationProtocols.swift */,
			);
			path = Protocols;
			sourceTree = "<group>";
		};
		A3D20853271A1D81000D3296 /* Common */ = {
			isa = PBXGroup;
			children = (
				A3BAEDBC271A3B7F00444839 /* GoogleService-Info.plist */,
				A3D20847271A1D4A000D3296 /* Info.plist */,
				A3D2083B271A1D47000D3296 /* SceneDelegate.swift */,
				A3D20839271A1D47000D3296 /* AppDelegate.swift */,
			);
			path = Common;
			sourceTree = "<group>";
		};
		A3D20854271A1DB3000D3296 /* LaunchScreen */ = {
			isa = PBXGroup;
			children = (
				A3D20844271A1D4A000D3296 /* LaunchScreen.storyboard */,
			);
			path = LaunchScreen;
			sourceTree = "<group>";
		};
		BAA6DC0304895A7AA632FCCD /* Pods */ = {
			isa = PBXGroup;
			children = (
				1EF56F0CDCF75D8BD59CA884 /* Pods-intercorpApp.debug.xcconfig */,
				3046C8B90BE924EDD0ADC615 /* Pods-intercorpApp.release.xcconfig */,
			);
			path = Pods;
			sourceTree = "<group>";
		};
		CE860F15706A45B8B4FEECC4 /* Frameworks */ = {
			isa = PBXGroup;
			children = (
				47CA80144BDC51988C66ACD3 /* Pods_intercorpApp.framework */,
			);
			name = Frameworks;
			sourceTree = "<group>";
		};
/* End PBXGroup section */

/* Begin PBXNativeTarget section */
		A3D20835271A1D47000D3296 /* intercorpApp */ = {
			isa = PBXNativeTarget;
			buildConfigurationList = A3D2084A271A1D4A000D3296 /* Build configuration list for PBXNativeTarget "intercorpApp" */;
			buildPhases = (
				CC576DD439D526DC8C3944B1 /* [CP] Check Pods Manifest.lock */,
				A3D20832271A1D47000D3296 /* Sources */,
				A3D20833271A1D47000D3296 /* Frameworks */,
				A3D20834271A1D47000D3296 /* Resources */,
				353191BC0146A5CD2A502DF8 /* [CP] Embed Pods Frameworks */,
			);
			buildRules = (
			);
			dependencies = (
			);
			name = intercorpApp;
			productName = intercorpApp;
			productReference = A3D20836271A1D47000D3296 /* intercorpApp.app */;
			productType = "com.apple.product-type.application";
		};
/* End PBXNativeTarget section */

/* Begin PBXProject section */
		A3D2082E271A1D47000D3296 /* Project object */ = {
			isa = PBXProject;
			attributes = {
				BuildIndependentTargetsInParallel = 1;
				LastSwiftUpdateCheck = 1300;
				LastUpgradeCheck = 1300;
				TargetAttributes = {
					A3D20835271A1D47000D3296 = {
						CreatedOnToolsVersion = 13.0;
					};
				};
			};
			buildConfigurationList = A3D20831271A1D47000D3296 /* Build configuration list for PBXProject "intercorpApp" */;
			compatibilityVersion = "Xcode 13.0";
			developmentRegion = en;
			hasScannedForEncodings = 0;
			knownRegions = (
				en,
				Base,
			);
			mainGroup = A3D2082D271A1D47000D3296;
			productRefGroup = A3D20837271A1D47000D3296 /* Products */;
			projectDirPath = "";
			projectRoot = "";
			targets = (
				A3D20835271A1D47000D3296 /* intercorpApp */,
			);
		};
/* End PBXProject section */

/* Begin PBXResourcesBuildPhase section */
		A3D20834271A1D47000D3296 /* Resources */ = {
			isa = PBXResourcesBuildPhase;
			buildActionMask = 2147483647;
			files = (
				A3BAEDBD271A3B7F00444839 /* GoogleService-Info.plist in Resources */,
				A3D20846271A1D4A000D3296 /* LaunchScreen.storyboard in Resources */,
				A3D20843271A1D4A000D3296 /* Assets.xcassets in Resources */,
				A3D20841271A1D47000D3296 /* AuthenticationView.storyboard in Resources */,
			);
			runOnlyForDeploymentPostprocessing = 0;
		};
/* End PBXResourcesBuildPhase section */

/* Begin PBXShellScriptBuildPhase section */
		353191BC0146A5CD2A502DF8 /* [CP] Embed Pods Frameworks */ = {
			isa = PBXShellScriptBuildPhase;
			buildActionMask = 2147483647;
			files = (
			);
			inputFileListPaths = (
				"${PODS_ROOT}/Target Support Files/Pods-intercorpApp/Pods-intercorpApp-frameworks-${CONFIGURATION}-input-files.xcfilelist",
			);
			name = "[CP] Embed Pods Frameworks";
			outputFileListPaths = (
				"${PODS_ROOT}/Target Support Files/Pods-intercorpApp/Pods-intercorpApp-frameworks-${CONFIGURATION}-output-files.xcfilelist",
			);
			runOnlyForDeploymentPostprocessing = 0;
			shellPath = /bin/sh;
			shellScript = "\"${PODS_ROOT}/Target Support Files/Pods-intercorpApp/Pods-intercorpApp-frameworks.sh\"\n";
			showEnvVarsInLog = 0;
		};
		CC576DD439D526DC8C3944B1 /* [CP] Check Pods Manifest.lock */ = {
			isa = PBXShellScriptBuildPhase;
			buildActionMask = 2147483647;
			files = (
			);
			inputFileListPaths = (
			);
			inputPaths = (
				"${PODS_PODFILE_DIR_PATH}/Podfile.lock",
				"${PODS_ROOT}/Manifest.lock",
			);
			name = "[CP] Check Pods Manifest.lock";
			outputFileListPaths = (
			);
			outputPaths = (
				"$(DERIVED_FILE_DIR)/Pods-intercorpApp-checkManifestLockResult.txt",
			);
			runOnlyForDeploymentPostprocessing = 0;
			shellPath = /bin/sh;
			shellScript = "diff \"${PODS_PODFILE_DIR_PATH}/Podfile.lock\" \"${PODS_ROOT}/Manifest.lock\" > /dev/null\nif [ $? != 0 ] ; then\n    # print error to STDERR\n    echo \"error: The sandbox is not in sync with the Podfile.lock. Run 'pod install' or update your CocoaPods installation.\" >&2\n    exit 1\nfi\n# This output is used by Xcode 'outputs' to avoid re-running this script phase.\necho \"SUCCESS\" > \"${SCRIPT_OUTPUT_FILE_0}\"\n";
			showEnvVarsInLog = 0;
		};
/* End PBXShellScriptBuildPhase section */

/* Begin PBXSourcesBuildPhase section */
		A3D20832271A1D47000D3296 /* Sources */ = {
			isa = PBXSourcesBuildPhase;
			buildActionMask = 2147483647;
			files = (
				A30363D5271A21F70000A5A4 /* AuthenticationPresenter.swift in Sources */,
				A30363D7271A22060000A5A4 /* AuthenticationRouter.swift in Sources */,
				A3CC8493271A75380080FBAC /* AuthenticationConstants.swift in Sources */,
				A3D2083E271A1D47000D3296 /* AuthenticationView.swift in Sources */,
				A30363D3271A21D00000A5A4 /* AuthenticationInteractor.swift in Sources */,
				A30363D9271A223D0000A5A4 /* AuthenticationProtocols.swift in Sources */,
				A3D2083A271A1D47000D3296 /* AppDelegate.swift in Sources */,
				A3D2083C271A1D47000D3296 /* SceneDelegate.swift in Sources */,
				A3BDF134271A9BB2001150D7 /* IntercorpAppExtensions.swift in Sources */,
			);
			runOnlyForDeploymentPostprocessing = 0;
		};
/* End PBXSourcesBuildPhase section */

/* Begin PBXVariantGroup section */
		A3D2083F271A1D47000D3296 /* AuthenticationView.storyboard */ = {
			isa = PBXVariantGroup;
			children = (
				A3D20840271A1D47000D3296 /* Base */,
			);
			name = AuthenticationView.storyboard;
			sourceTree = "<group>";
		};
		A3D20844271A1D4A000D3296 /* LaunchScreen.storyboard */ = {
			isa = PBXVariantGroup;
			children = (
				A3D20845271A1D4A000D3296 /* Base */,
			);
			name = LaunchScreen.storyboard;
			sourceTree = "<group>";
		};
/* End PBXVariantGroup section */

/* Begin XCBuildConfiguration section */
		A3D20848271A1D4A000D3296 /* Debug */ = {
			isa = XCBuildConfiguration;
			buildSettings = {
				ALWAYS_SEARCH_USER_PATHS = NO;
				CLANG_ANALYZER_NONNULL = YES;
				CLANG_ANALYZER_NUMBER_OBJECT_CONVERSION = YES_AGGRESSIVE;
				CLANG_CXX_LANGUAGE_STANDARD = "gnu++17";
				CLANG_CXX_LIBRARY = "libc++";
				CLANG_ENABLE_MODULES = YES;
				CLANG_ENABLE_OBJC_ARC = YES;
				CLANG_ENABLE_OBJC_WEAK = YES;
				CLANG_WARN_BLOCK_CAPTURE_AUTORELEASING = YES;
				CLANG_WARN_BOOL_CONVERSION = YES;
				CLANG_WARN_COMMA = YES;
				CLANG_WARN_CONSTANT_CONVERSION = YES;
				CLANG_WARN_DEPRECATED_OBJC_IMPLEMENTATIONS = YES;
				CLANG_WARN_DIRECT_OBJC_ISA_USAGE = YES_ERROR;
				CLANG_WARN_DOCUMENTATION_COMMENTS = YES;
				CLANG_WARN_EMPTY_BODY = YES;
				CLANG_WARN_ENUM_CONVERSION = YES;
				CLANG_WARN_INFINITE_RECURSION = YES;
				CLANG_WARN_INT_CONVERSION = YES;
				CLANG_WARN_NON_LITERAL_NULL_CONVERSION = YES;
				CLANG_WARN_OBJC_IMPLICIT_RETAIN_SELF = YES;
				CLANG_WARN_OBJC_LITERAL_CONVERSION = YES;
				CLANG_WARN_OBJC_ROOT_CLASS = YES_ERROR;
				CLANG_WARN_QUOTED_INCLUDE_IN_FRAMEWORK_HEADER = YES;
				CLANG_WARN_RANGE_LOOP_ANALYSIS = YES;
				CLANG_WARN_STRICT_PROTOTYPES = YES;
				CLANG_WARN_SUSPICIOUS_MOVE = YES;
				CLANG_WARN_UNGUARDED_AVAILABILITY = YES_AGGRESSIVE;
				CLANG_WARN_UNREACHABLE_CODE = YES;
				CLANG_WARN__DUPLICATE_METHOD_MATCH = YES;
				COPY_PHASE_STRIP = NO;
				DEBUG_INFORMATION_FORMAT = dwarf;
				ENABLE_STRICT_OBJC_MSGSEND = YES;
				ENABLE_TESTABILITY = YES;
				GCC_C_LANGUAGE_STANDARD = gnu11;
				GCC_DYNAMIC_NO_PIC = NO;
				GCC_NO_COMMON_BLOCKS = YES;
				GCC_OPTIMIZATION_LEVEL = 0;
				GCC_PREPROCESSOR_DEFINITIONS = (
					"DEBUG=1",
					"$(inherited)",
				);
				GCC_WARN_64_TO_32_BIT_CONVERSION = YES;
				GCC_WARN_ABOUT_RETURN_TYPE = YES_ERROR;
				GCC_WARN_UNDECLARED_SELECTOR = YES;
				GCC_WARN_UNINITIALIZED_AUTOS = YES_AGGRESSIVE;
				GCC_WARN_UNUSED_FUNCTION = YES;
				GCC_WARN_UNUSED_VARIABLE = YES;
				IPHONEOS_DEPLOYMENT_TARGET = 15.0;
				MTL_ENABLE_DEBUG_INFO = INCLUDE_SOURCE;
				MTL_FAST_MATH = YES;
				ONLY_ACTIVE_ARCH = YES;
				SDKROOT = iphoneos;
				SWIFT_ACTIVE_COMPILATION_CONDITIONS = DEBUG;
				SWIFT_OPTIMIZATION_LEVEL = "-Onone";
			};
			name = Debug;
		};
		A3D20849271A1D4A000D3296 /* Release */ = {
			isa = XCBuildConfiguration;
			buildSettings = {
				ALWAYS_SEARCH_USER_PATHS = NO;
				CLANG_ANALYZER_NONNULL = YES;
				CLANG_ANALYZER_NUMBER_OBJECT_CONVERSION = YES_AGGRESSIVE;
				CLANG_CXX_LANGUAGE_STANDARD = "gnu++17";
				CLANG_CXX_LIBRARY = "libc++";
				CLANG_ENABLE_MODULES = YES;
				CLANG_ENABLE_OBJC_ARC = YES;
				CLANG_ENABLE_OBJC_WEAK = YES;
				CLANG_WARN_BLOCK_CAPTURE_AUTORELEASING = YES;
				CLANG_WARN_BOOL_CONVERSION = YES;
				CLANG_WARN_COMMA = YES;
				CLANG_WARN_CONSTANT_CONVERSION = YES;
				CLANG_WARN_DEPRECATED_OBJC_IMPLEMENTATIONS = YES;
				CLANG_WARN_DIRECT_OBJC_ISA_USAGE = YES_ERROR;
				CLANG_WARN_DOCUMENTATION_COMMENTS = YES;
				CLANG_WARN_EMPTY_BODY = YES;
				CLANG_WARN_ENUM_CONVERSION = YES;
				CLANG_WARN_INFINITE_RECURSION = YES;
				CLANG_WARN_INT_CONVERSION = YES;
				CLANG_WARN_NON_LITERAL_NULL_CONVERSION = YES;
				CLANG_WARN_OBJC_IMPLICIT_RETAIN_SELF = YES;
				CLANG_WARN_OBJC_LITERAL_CONVERSION = YES;
				CLANG_WARN_OBJC_ROOT_CLASS = YES_ERROR;
				CLANG_WARN_QUOTED_INCLUDE_IN_FRAMEWORK_HEADER = YES;
				CLANG_WARN_RANGE_LOOP_ANALYSIS = YES;
				CLANG_WARN_STRICT_PROTOTYPES = YES;
				CLANG_WARN_SUSPICIOUS_MOVE = YES;
				CLANG_WARN_UNGUARDED_AVAILABILITY = YES_AGGRESSIVE;
				CLANG_WARN_UNREACHABLE_CODE = YES;
				CLANG_WARN__DUPLICATE_METHOD_MATCH = YES;
				COPY_PHASE_STRIP = NO;
				DEBUG_INFORMATION_FORMAT = "dwarf-with-dsym";
				ENABLE_NS_ASSERTIONS = NO;
				ENABLE_STRICT_OBJC_MSGSEND = YES;
				GCC_C_LANGUAGE_STANDARD = gnu11;
				GCC_NO_COMMON_BLOCKS = YES;
				GCC_WARN_64_TO_32_BIT_CONVERSION = YES;
				GCC_WARN_ABOUT_RETURN_TYPE = YES_ERROR;
				GCC_WARN_UNDECLARED_SELECTOR = YES;
				GCC_WARN_UNINITIALIZED_AUTOS = YES_AGGRESSIVE;
				GCC_WARN_UNUSED_FUNCTION = YES;
				GCC_WARN_UNUSED_VARIABLE = YES;
				IPHONEOS_DEPLOYMENT_TARGET = 15.0;
				MTL_ENABLE_DEBUG_INFO = NO;
				MTL_FAST_MATH = YES;
				SDKROOT = iphoneos;
				SWIFT_COMPILATION_MODE = wholemodule;
				SWIFT_OPTIMIZATION_LEVEL = "-O";
				VALIDATE_PRODUCT = YES;
			};
			name = Release;
		};
		A3D2084B271A1D4A000D3296 /* Debug */ = {
			isa = XCBuildConfiguration;
			baseConfigurationReference = 1EF56F0CDCF75D8BD59CA884 /* Pods-intercorpApp.debug.xcconfig */;
			buildSettings = {
				ASSETCATALOG_COMPILER_APPICON_NAME = AppIcon;
				ASSETCATALOG_COMPILER_GLOBAL_ACCENT_COLOR_NAME = AccentColor;
				CODE_SIGN_STYLE = Automatic;
				CURRENT_PROJECT_VERSION = 1;
				DEVELOPMENT_TEAM = U96XRY5Y2C;
				GENERATE_INFOPLIST_FILE = YES;
				INFOPLIST_FILE = intercorpApp/Common/Info.plist;
				INFOPLIST_KEY_UIApplicationSupportsIndirectInputEvents = YES;
				INFOPLIST_KEY_UILaunchStoryboardName = LaunchScreen;
				INFOPLIST_KEY_UIMainStoryboardFile = AuthenticationView;
				INFOPLIST_KEY_UISupportedInterfaceOrientations_iPad = "UIInterfaceOrientationPortrait UIInterfaceOrientationPortraitUpsideDown UIInterfaceOrientationLandscapeLeft UIInterfaceOrientationLandscapeRight";
				INFOPLIST_KEY_UISupportedInterfaceOrientations_iPhone = "UIInterfaceOrientationPortrait UIInterfaceOrientationLandscapeLeft UIInterfaceOrientationLandscapeRight";
				LD_RUNPATH_SEARCH_PATHS = (
					"$(inherited)",
					"@executable_path/Frameworks",
				);
				MARKETING_VERSION = 1.0;
				PRODUCT_BUNDLE_IDENTIFIER = NicoSchmidt.intercorpApp;
				PRODUCT_NAME = "$(TARGET_NAME)";
				SWIFT_EMIT_LOC_STRINGS = YES;
				SWIFT_VERSION = 5.0;
				TARGETED_DEVICE_FAMILY = "1,2";
			};
			name = Debug;
		};
		A3D2084C271A1D4A000D3296 /* Release */ = {
			isa = XCBuildConfiguration;
			baseConfigurationReference = 3046C8B90BE924EDD0ADC615 /* Pods-intercorpApp.release.xcconfig */;
			buildSettings = {
				ASSETCATALOG_COMPILER_APPICON_NAME = AppIcon;
				ASSETCATALOG_COMPILER_GLOBAL_ACCENT_COLOR_NAME = AccentColor;
				CODE_SIGN_STYLE = Automatic;
				CURRENT_PROJECT_VERSION = 1;
				DEVELOPMENT_TEAM = U96XRY5Y2C;
				GENERATE_INFOPLIST_FILE = YES;
				INFOPLIST_FILE = intercorpApp/Common/Info.plist;
				INFOPLIST_KEY_UIApplicationSupportsIndirectInputEvents = YES;
				INFOPLIST_KEY_UILaunchStoryboardName = LaunchScreen;
				INFOPLIST_KEY_UIMainStoryboardFile = AuthenticationView;
				INFOPLIST_KEY_UISupportedInterfaceOrientations_iPad = "UIInterfaceOrientationPortrait UIInterfaceOrientationPortraitUpsideDown UIInterfaceOrientationLandscapeLeft UIInterfaceOrientationLandscapeRight";
				INFOPLIST_KEY_UISupportedInterfaceOrientations_iPhone = "UIInterfaceOrientationPortrait UIInterfaceOrientationLandscapeLeft UIInterfaceOrientationLandscapeRight";
				LD_RUNPATH_SEARCH_PATHS = (
					"$(inherited)",
					"@executable_path/Frameworks",
				);
				MARKETING_VERSION = 1.0;
				PRODUCT_BUNDLE_IDENTIFIER = NicoSchmidt.intercorpApp;
				PRODUCT_NAME = "$(TARGET_NAME)";
				SWIFT_EMIT_LOC_STRINGS = YES;
				SWIFT_VERSION = 5.0;
				TARGETED_DEVICE_FAMILY = "1,2";
			};
			name = Release;
		};
/* End XCBuildConfiguration section */

/* Begin XCConfigurationList section */
		A3D20831271A1D47000D3296 /* Build configuration list for PBXProject "intercorpApp" */ = {
			isa = XCConfigurationList;
			buildConfigurations = (
				A3D20848271A1D4A000D3296 /* Debug */,
				A3D20849271A1D4A000D3296 /* Release */,
			);
			defaultConfigurationIsVisible = 0;
			defaultConfigurationName = Release;
		};
		A3D2084A271A1D4A000D3296 /* Build configuration list for PBXNativeTarget "intercorpApp" */ = {
			isa = XCConfigurationList;
			buildConfigurations = (
				A3D2084B271A1D4A000D3296 /* Debug */,
				A3D2084C271A1D4A000D3296 /* Release */,
			);
			defaultConfigurationIsVisible = 0;
			defaultConfigurationName = Release;
		};
/* End XCConfigurationList section */
	};
	rootObject = A3D2082E271A1D47000D3296 /* Project object */;
}
